
Microsoft Visual Studio Solution File, Format Version 12.00
# Visual Studio Version 16
VisualStudioVersion = 16.0.31129.286
MinimumVisualStudioVersion = 10.0.40219.1
Project("{2150E333-8FDC-42A3-9474-1A3956D46DE8}") = "Services", "Services", "{AE6770B4-A42C-4595-91BB-E1A053B5C40A}"
EndProject
Project("{2150E333-8FDC-42A3-9474-1A3956D46DE8}") = "Catalog", "Catalog", "{C1A860AE-68A8-4B17-991B-481C9F7F4223}"
EndProject
Project("{FAE04EC0-301F-11D3-BF4B-00C04F79EFBC}") = "Catalog.Api", "Services\Catalog\Catalog.Api\Catalog.Api.csproj", "{A282CCD1-88C0-41BB-9E16-A6BE8380CBD6}"
EndProject
Global
	GlobalSection(SolutionConfigurationPlatforms) = preSolution
		Debug|Any CPU = Debug|Any CPU
		Release|Any CPU = Release|Any CPU
	EndGlobalSection
	GlobalSection(ProjectConfigurationPlatforms) = postSolution
		{A282CCD1-88C0-41BB-9E16-A6BE8380CBD6}.Debug|Any CPU.ActiveCfg = Debug|Any CPU
		{A282CCD1-88C0-41BB-9E16-A6BE8380CBD6}.Debug|Any CPU.Build.0 = Debug|Any CPU
		{A282CCD1-88C0-41BB-9E16-A6BE8380CBD6}.Release|Any CPU.ActiveCfg = Release|Any CPU
		{A282CCD1-88C0-41BB-9E16-A6BE8380CBD6}.Release|Any CPU.Build.0 = Release|Any CPU
	EndGlobalSection
	GlobalSection(SolutionProperties) = preSolution
		HideSolutionNode = FALSE
	EndGlobalSection
	GlobalSection(NestedProjects) = preSolution
		{C1A860AE-68A8-4B17-991B-481C9F7F4223} = {AE6770B4-A42C-4595-91BB-E1A053B5C40A}
		{A282CCD1-88C0-41BB-9E16-A6BE8380CBD6} = {C1A860AE-68A8-4B17-991B-481C9F7F4223}
	EndGlobalSection
	GlobalSection(ExtensibilityGlobals) = postSolution
		SolutionGuid = {15934AA5-82EA-44C4-A7AA-FD3537D0393B}
	EndGlobalSection
EndGlobal
