
Microsoft Visual Studio Solution File, Format Version 12.00
# Visual Studio Version 16
VisualStudioVersion = 16.0.31129.286
MinimumVisualStudioVersion = 10.0.40219.1
Project("{2150E333-8FDC-42A3-9474-1A3956D46DE8}") = "Services", "Services", "{AE6770B4-A42C-4595-91BB-E1A053B5C40A}"
EndProject
Project("{2150E333-8FDC-42A3-9474-1A3956D46DE8}") = "Catalog", "Catalog", "{C1A860AE-68A8-4B17-991B-481C9F7F4223}"
EndProject
Project("{9A19103F-16F7-4668-BE54-9A1E7A4F7556}") = "Catalog.Api", "Services\Catalog\Catalog.Api\Catalog.Api.csproj", "{A282CCD1-88C0-41BB-9E16-A6BE8380CBD6}"
EndProject
Project("{2150E333-8FDC-42A3-9474-1A3956D46DE8}") = "Solution Items", "Solution Items", "{AFFC2C3F-3359-4961-B409-22DDD0DCBF5C}"
	ProjectSection(SolutionItems) = preProject
		docker-documentation.txt = docker-documentation.txt
		..\README.md = ..\README.md
	EndProjectSection
EndProject
Project("{9A19103F-16F7-4668-BE54-9A1E7A4F7556}") = "Catalog.Infrastructure", "Services\Catalog\Catalog.Infrastructure\Catalog.Infrastructure.csproj", "{F2A170EA-49E7-4B9D-B9A6-DA0A1242FD04}"
EndProject
Project("{9A19103F-16F7-4668-BE54-9A1E7A4F7556}") = "Catalog.Core", "Services\Catalog\Catalog.Core\Catalog.Core.csproj", "{DC7DCCE4-3D36-4F3C-8000-959E27178510}"
EndProject
Project("{E53339B2-1760-4266-BCC7-CA923CBCF16C}") = "docker-compose", "docker-compose.dcproj", "{5107FEB1-5938-45D7-A6FD-B8F24A325387}"
EndProject
Project("{2150E333-8FDC-42A3-9474-1A3956D46DE8}") = "Basket", "Basket", "{E15AF03E-99EA-438E-B3B5-A1A69A04E52A}"
EndProject
Project("{9A19103F-16F7-4668-BE54-9A1E7A4F7556}") = "Basket.Api", "Services\Basket\Basket.Api\Basket.Api.csproj", "{31718EDD-3778-426E-8181-38B1D52AAF9E}"
EndProject
Project("{9A19103F-16F7-4668-BE54-9A1E7A4F7556}") = "Basket.Infrastructure", "Services\Basket\Basket.Infrastructure\Basket.Infrastructure.csproj", "{A1EF31D5-359D-45F2-ACB9-C78DF2551D07}"
EndProject
Project("{9A19103F-16F7-4668-BE54-9A1E7A4F7556}") = "Basket.Core", "Services\Basket\Basket.Core\Basket.Core.csproj", "{11ECF9AE-19C0-442C-9DED-B612FFB3F9CC}"
EndProject
Project("{2150E333-8FDC-42A3-9474-1A3956D46DE8}") = "Discount", "Discount", "{4427BE3E-9F17-476A-B26D-DF3392100216}"
EndProject
Project("{FAE04EC0-301F-11D3-BF4B-00C04F79EFBC}") = "Discount.Api", "Services\Discount\API\Discount.Api\Discount.Api.csproj", "{8DA7A8ED-2A3F-4324-956F-CCC9D2841882}"
EndProject
Project("{2150E333-8FDC-42A3-9474-1A3956D46DE8}") = "API", "API", "{3A3F21EA-B587-4B5B-9D2C-EEA14468D48B}"
EndProject
Project("{FAE04EC0-301F-11D3-BF4B-00C04F79EFBC}") = "Discount.Core", "Services\Discount\API\Discount.Core\Discount.Core.csproj", "{D3495F61-7E69-452F-9EE2-310044800411}"
EndProject
Project("{FAE04EC0-301F-11D3-BF4B-00C04F79EFBC}") = "Discount.Infrastructure", "Services\Discount\API\Discount.Infrastructure\Discount.Infrastructure.csproj", "{E56B2A70-2FCC-4EB3-8249-2509EFDB767E}"
EndProject
Global
	GlobalSection(SolutionConfigurationPlatforms) = preSolution
		Debug|Any CPU = Debug|Any CPU
		Release|Any CPU = Release|Any CPU
	EndGlobalSection
	GlobalSection(ProjectConfigurationPlatforms) = postSolution
		{A282CCD1-88C0-41BB-9E16-A6BE8380CBD6}.Debug|Any CPU.ActiveCfg = Debug|Any CPU
		{A282CCD1-88C0-41BB-9E16-A6BE8380CBD6}.Debug|Any CPU.Build.0 = Debug|Any CPU
		{A282CCD1-88C0-41BB-9E16-A6BE8380CBD6}.Release|Any CPU.ActiveCfg = Release|Any CPU
		{A282CCD1-88C0-41BB-9E16-A6BE8380CBD6}.Release|Any CPU.Build.0 = Release|Any CPU
		{F2A170EA-49E7-4B9D-B9A6-DA0A1242FD04}.Debug|Any CPU.ActiveCfg = Debug|Any CPU
		{F2A170EA-49E7-4B9D-B9A6-DA0A1242FD04}.Debug|Any CPU.Build.0 = Debug|Any CPU
		{F2A170EA-49E7-4B9D-B9A6-DA0A1242FD04}.Release|Any CPU.ActiveCfg = Release|Any CPU
		{F2A170EA-49E7-4B9D-B9A6-DA0A1242FD04}.Release|Any CPU.Build.0 = Release|Any CPU
		{DC7DCCE4-3D36-4F3C-8000-959E27178510}.Debug|Any CPU.ActiveCfg = Debug|Any CPU
		{DC7DCCE4-3D36-4F3C-8000-959E27178510}.Debug|Any CPU.Build.0 = Debug|Any CPU
		{DC7DCCE4-3D36-4F3C-8000-959E27178510}.Release|Any CPU.ActiveCfg = Release|Any CPU
		{DC7DCCE4-3D36-4F3C-8000-959E27178510}.Release|Any CPU.Build.0 = Release|Any CPU
		{5107FEB1-5938-45D7-A6FD-B8F24A325387}.Debug|Any CPU.ActiveCfg = Debug|Any CPU
		{5107FEB1-5938-45D7-A6FD-B8F24A325387}.Debug|Any CPU.Build.0 = Debug|Any CPU
		{5107FEB1-5938-45D7-A6FD-B8F24A325387}.Release|Any CPU.ActiveCfg = Release|Any CPU
		{5107FEB1-5938-45D7-A6FD-B8F24A325387}.Release|Any CPU.Build.0 = Release|Any CPU
		{31718EDD-3778-426E-8181-38B1D52AAF9E}.Debug|Any CPU.ActiveCfg = Debug|Any CPU
		{31718EDD-3778-426E-8181-38B1D52AAF9E}.Debug|Any CPU.Build.0 = Debug|Any CPU
		{31718EDD-3778-426E-8181-38B1D52AAF9E}.Release|Any CPU.ActiveCfg = Release|Any CPU
		{31718EDD-3778-426E-8181-38B1D52AAF9E}.Release|Any CPU.Build.0 = Release|Any CPU
		{A1EF31D5-359D-45F2-ACB9-C78DF2551D07}.Debug|Any CPU.ActiveCfg = Debug|Any CPU
		{A1EF31D5-359D-45F2-ACB9-C78DF2551D07}.Debug|Any CPU.Build.0 = Debug|Any CPU
		{A1EF31D5-359D-45F2-ACB9-C78DF2551D07}.Release|Any CPU.ActiveCfg = Release|Any CPU
		{A1EF31D5-359D-45F2-ACB9-C78DF2551D07}.Release|Any CPU.Build.0 = Release|Any CPU
		{11ECF9AE-19C0-442C-9DED-B612FFB3F9CC}.Debug|Any CPU.ActiveCfg = Debug|Any CPU
		{11ECF9AE-19C0-442C-9DED-B612FFB3F9CC}.Debug|Any CPU.Build.0 = Debug|Any CPU
		{11ECF9AE-19C0-442C-9DED-B612FFB3F9CC}.Release|Any CPU.ActiveCfg = Release|Any CPU
		{11ECF9AE-19C0-442C-9DED-B612FFB3F9CC}.Release|Any CPU.Build.0 = Release|Any CPU
		{8DA7A8ED-2A3F-4324-956F-CCC9D2841882}.Debug|Any CPU.ActiveCfg = Debug|Any CPU
		{8DA7A8ED-2A3F-4324-956F-CCC9D2841882}.Debug|Any CPU.Build.0 = Debug|Any CPU
		{8DA7A8ED-2A3F-4324-956F-CCC9D2841882}.Release|Any CPU.ActiveCfg = Release|Any CPU
		{8DA7A8ED-2A3F-4324-956F-CCC9D2841882}.Release|Any CPU.Build.0 = Release|Any CPU
		{D3495F61-7E69-452F-9EE2-310044800411}.Debug|Any CPU.ActiveCfg = Debug|Any CPU
		{D3495F61-7E69-452F-9EE2-310044800411}.Debug|Any CPU.Build.0 = Debug|Any CPU
		{D3495F61-7E69-452F-9EE2-310044800411}.Release|Any CPU.ActiveCfg = Release|Any CPU
		{D3495F61-7E69-452F-9EE2-310044800411}.Release|Any CPU.Build.0 = Release|Any CPU
		{E56B2A70-2FCC-4EB3-8249-2509EFDB767E}.Debug|Any CPU.ActiveCfg = Debug|Any CPU
		{E56B2A70-2FCC-4EB3-8249-2509EFDB767E}.Debug|Any CPU.Build.0 = Debug|Any CPU
		{E56B2A70-2FCC-4EB3-8249-2509EFDB767E}.Release|Any CPU.ActiveCfg = Release|Any CPU
		{E56B2A70-2FCC-4EB3-8249-2509EFDB767E}.Release|Any CPU.Build.0 = Release|Any CPU
	EndGlobalSection
	GlobalSection(SolutionProperties) = preSolution
		HideSolutionNode = FALSE
	EndGlobalSection
	GlobalSection(NestedProjects) = preSolution
		{C1A860AE-68A8-4B17-991B-481C9F7F4223} = {AE6770B4-A42C-4595-91BB-E1A053B5C40A}
		{A282CCD1-88C0-41BB-9E16-A6BE8380CBD6} = {C1A860AE-68A8-4B17-991B-481C9F7F4223}
		{F2A170EA-49E7-4B9D-B9A6-DA0A1242FD04} = {C1A860AE-68A8-4B17-991B-481C9F7F4223}
		{DC7DCCE4-3D36-4F3C-8000-959E27178510} = {C1A860AE-68A8-4B17-991B-481C9F7F4223}
		{E15AF03E-99EA-438E-B3B5-A1A69A04E52A} = {AE6770B4-A42C-4595-91BB-E1A053B5C40A}
		{31718EDD-3778-426E-8181-38B1D52AAF9E} = {E15AF03E-99EA-438E-B3B5-A1A69A04E52A}
		{A1EF31D5-359D-45F2-ACB9-C78DF2551D07} = {E15AF03E-99EA-438E-B3B5-A1A69A04E52A}
		{11ECF9AE-19C0-442C-9DED-B612FFB3F9CC} = {E15AF03E-99EA-438E-B3B5-A1A69A04E52A}
		{4427BE3E-9F17-476A-B26D-DF3392100216} = {AE6770B4-A42C-4595-91BB-E1A053B5C40A}
		{8DA7A8ED-2A3F-4324-956F-CCC9D2841882} = {3A3F21EA-B587-4B5B-9D2C-EEA14468D48B}
		{3A3F21EA-B587-4B5B-9D2C-EEA14468D48B} = {4427BE3E-9F17-476A-B26D-DF3392100216}
		{D3495F61-7E69-452F-9EE2-310044800411} = {3A3F21EA-B587-4B5B-9D2C-EEA14468D48B}
		{E56B2A70-2FCC-4EB3-8249-2509EFDB767E} = {3A3F21EA-B587-4B5B-9D2C-EEA14468D48B}
	EndGlobalSection
	GlobalSection(ExtensibilityGlobals) = postSolution
		SolutionGuid = {15934AA5-82EA-44C4-A7AA-FD3537D0393B}
	EndGlobalSection
EndGlobal
